
Microsoft Visual Studio Solution File, Format Version 12.00
# Visual Studio Version 16
VisualStudioVersion = 16.0.29905.134
MinimumVisualStudioVersion = 10.0.40219.1
Project("{FAE04EC0-301F-11D3-BF4B-00C04F79EFBC}") = "netcorewebapi", "netcorewebapi\netcorewebapi.csproj", "{C910CA8D-3312-480C-AB18-07DD81BB3383}"
EndProject
Global
	GlobalSection(SolutionConfigurationPlatforms) = preSolution
		Debug|Any CPU = Debug|Any CPU
		Release|Any CPU = Release|Any CPU
	EndGlobalSection
	GlobalSection(ProjectConfigurationPlatforms) = postSolution
		{C910CA8D-3312-480C-AB18-07DD81BB3383}.Debug|Any CPU.ActiveCfg = Debug|Any CPU
		{C910CA8D-3312-480C-AB18-07DD81BB3383}.Debug|Any CPU.Build.0 = Debug|Any CPU
		{C910CA8D-3312-480C-AB18-07DD81BB3383}.Release|Any CPU.ActiveCfg = Release|Any CPU
		{C910CA8D-3312-480C-AB18-07DD81BB3383}.Release|Any CPU.Build.0 = Release|Any CPU
	EndGlobalSection
	GlobalSection(SolutionProperties) = preSolution
		HideSolutionNode = FALSE
	EndGlobalSection
	GlobalSection(ExtensibilityGlobals) = postSolution
		SolutionGuid = {06DE760A-17FD-45C4-BE31-B07E87785E9C}
	EndGlobalSection
EndGlobal
